# THIS IS AN AUTOGENERATED FILE. DO NOT EDIT THIS FILE DIRECTLY.
# yarn lockfile v1


"debug@^4.1.0":
  "integrity" "sha512-pYAIzeRo8J6KPEaJ0VWOh5Pzkbw/RetuzehGM7QRRX5he4fPHx2rdKMB256ehJCkX+XRQm16eZLqLNS8RSZXZw=="
  "resolved" "https://registry.npmjs.org/debug/-/debug-4.1.1.tgz"
  "version" "4.1.1"
  dependencies:
    "ms" "^2.1.1"

"esy@^0.6.12":
  "integrity" "sha512-EJAbVSOA+KRAK86ZY3tSZUpbh9cYaUxIITycXFJp9yuH+XAuLrCSdTJsH+wvQniRrzAgUBJ6B2vYC2hFB09lTQ=="
  "resolved" "https://registry.npmjs.org/esy/-/esy-0.6.12.tgz"
  "version" "0.6.12"

"ms@^2.1.1":
  "integrity" "sha512-sGkPx+VjMtmA6MX27oA4FBFELFCZZ4S4XqeGOXCv68tT+jb3vk/RyaKWP0PTKyWtmLSM0b+adUTEvbs1PEaH2w=="
  "resolved" "https://registry.npmjs.org/ms/-/ms-2.1.2.tgz"
  "version" "2.1.2"

"reanalyze@^1.6.0":
  "integrity" "sha512-uFnnLu7VTH1vkMleJPlXgSTL64YWhObcGzT5M3Y4XQM3W6kiuG4LRqYNPHxSq9xgo48MMyl7wSAR/5qQL4fusQ=="
  "resolved" "https://registry.npmjs.org/reanalyze/-/reanalyze-1.6.0.tgz"
  "version" "1.6.0"

"rescript@^9.1.1":
  "integrity" "sha512-4wHvTDv3nyYnAPJHcg1RGG8z7u3HDiBf6RN3P/dITDv859Qo35aKOzJWQtfBzbAs0EKNafLqei3TnUqiAv6BwQ=="
  "resolved" "https://registry.npmjs.org/rescript/-/rescript-9.1.2.tgz"
  "version" "9.1.2"
